// !$*UTF8*$!
{
	archiveVersion = 1;
	classes = {
	};
	objectVersion = 56;
	objects = {

/* Begin PBXBuildFile section */
		7828510A2C2F168300578498 /* AppDelegate.swift in Sources */ = {isa = PBXBuildFile; fileRef = 782851092C2F168300578498 /* AppDelegate.swift */; };
		7828510C2C2F168300578498 /* SceneDelegate.swift in Sources */ = {isa = PBXBuildFile; fileRef = 7828510B2C2F168300578498 /* SceneDelegate.swift */; };
		782851142C2F168300578498 /* HydrationTracking.xcdatamodeld in Sources */ = {isa = PBXBuildFile; fileRef = 782851122C2F168300578498 /* HydrationTracking.xcdatamodeld */; };
		782851162C2F168400578498 /* Assets.xcassets in Resources */ = {isa = PBXBuildFile; fileRef = 782851152C2F168400578498 /* Assets.xcassets */; };
		782851192C2F168400578498 /* LaunchScreen.storyboard in Resources */ = {isa = PBXBuildFile; fileRef = 782851172C2F168400578498 /* LaunchScreen.storyboard */; };
		782851252C2F185B00578498 /* DatabaseManager.swift in Sources */ = {isa = PBXBuildFile; fileRef = 782851242C2F185B00578498 /* DatabaseManager.swift */; };
		7828512F2C2F20F500578498 /* HomeViewController.swift in Sources */ = {isa = PBXBuildFile; fileRef = 7828512D2C2F20F500578498 /* HomeViewController.swift */; };
		782851302C2F20F500578498 /* HomeViewController.xib in Resources */ = {isa = PBXBuildFile; fileRef = 7828512E2C2F20F500578498 /* HomeViewController.xib */; };
		782851342C2F354600578498 /* SetProgressTableViewCell.swift in Sources */ = {isa = PBXBuildFile; fileRef = 782851322C2F354600578498 /* SetProgressTableViewCell.swift */; };
		782851352C2F354600578498 /* SetProgressTableViewCell.xib in Resources */ = {isa = PBXBuildFile; fileRef = 782851332C2F354600578498 /* SetProgressTableViewCell.xib */; };
		782851382C2F356700578498 /* LottieTableViewCell.swift in Sources */ = {isa = PBXBuildFile; fileRef = 782851362C2F356700578498 /* LottieTableViewCell.swift */; };
		782851392C2F356700578498 /* LottieTableViewCell.xib in Resources */ = {isa = PBXBuildFile; fileRef = 782851372C2F356700578498 /* LottieTableViewCell.xib */; };
		7828513C2C2F358D00578498 /* QuickLogTableViewCell.swift in Sources */ = {isa = PBXBuildFile; fileRef = 7828513A2C2F358D00578498 /* QuickLogTableViewCell.swift */; };
		7828513D2C2F358D00578498 /* QuickLogTableViewCell.xib in Resources */ = {isa = PBXBuildFile; fileRef = 7828513B2C2F358D00578498 /* QuickLogTableViewCell.xib */; };
		782851412C2F37BC00578498 /* CellConstants.swift in Sources */ = {isa = PBXBuildFile; fileRef = 782851402C2F37BC00578498 /* CellConstants.swift */; };
		782851432C2F3E0C00578498 /* StringConstants.swift in Sources */ = {isa = PBXBuildFile; fileRef = 782851422C2F3E0C00578498 /* StringConstants.swift */; };
		782851482C2F441900578498 /* ImageConstants.swift in Sources */ = {isa = PBXBuildFile; fileRef = 782851472C2F441900578498 /* ImageConstants.swift */; };
		786017182C2FE69D0036875D /* ViewConstants.swift in Sources */ = {isa = PBXBuildFile; fileRef = 786017172C2FE69D0036875D /* ViewConstants.swift */; };
/* End PBXBuildFile section */

/* Begin PBXFileReference section */
		782851062C2F168300578498 /* HydrationTracking_GOQii_AdityaGhadge.app */ = {isa = PBXFileReference; explicitFileType = wrapper.application; includeInIndex = 0; path = HydrationTracking_GOQii_AdityaGhadge.app; sourceTree = BUILT_PRODUCTS_DIR; };
		782851092C2F168300578498 /* AppDelegate.swift */ = {isa = PBXFileReference; lastKnownFileType = sourcecode.swift; path = AppDelegate.swift; sourceTree = "<group>"; };
		7828510B2C2F168300578498 /* SceneDelegate.swift */ = {isa = PBXFileReference; lastKnownFileType = sourcecode.swift; path = SceneDelegate.swift; sourceTree = "<group>"; };
		782851132C2F168300578498 /* HydrationTracking_GOQii_AdityaGhadge.xcdatamodel */ = {isa = PBXFileReference; lastKnownFileType = wrapper.xcdatamodel; path = HydrationTracking_GOQii_AdityaGhadge.xcdatamodel; sourceTree = "<group>"; };
		782851152C2F168400578498 /* Assets.xcassets */ = {isa = PBXFileReference; lastKnownFileType = folder.assetcatalog; path = Assets.xcassets; sourceTree = "<group>"; };
		782851182C2F168400578498 /* Base */ = {isa = PBXFileReference; lastKnownFileType = file.storyboard; name = Base; path = Base.lproj/LaunchScreen.storyboard; sourceTree = "<group>"; };
		7828511A2C2F168400578498 /* Info.plist */ = {isa = PBXFileReference; lastKnownFileType = text.plist.xml; path = Info.plist; sourceTree = "<group>"; };
		782851242C2F185B00578498 /* DatabaseManager.swift */ = {isa = PBXFileReference; lastKnownFileType = sourcecode.swift; path = DatabaseManager.swift; sourceTree = "<group>"; };
		7828512D2C2F20F500578498 /* HomeViewController.swift */ = {isa = PBXFileReference; lastKnownFileType = sourcecode.swift; path = HomeViewController.swift; sourceTree = "<group>"; };
		7828512E2C2F20F500578498 /* HomeViewController.xib */ = {isa = PBXFileReference; lastKnownFileType = file.xib; path = HomeViewController.xib; sourceTree = "<group>"; };
		782851322C2F354600578498 /* SetProgressTableViewCell.swift */ = {isa = PBXFileReference; lastKnownFileType = sourcecode.swift; path = SetProgressTableViewCell.swift; sourceTree = "<group>"; };
		782851332C2F354600578498 /* SetProgressTableViewCell.xib */ = {isa = PBXFileReference; lastKnownFileType = file.xib; path = SetProgressTableViewCell.xib; sourceTree = "<group>"; };
		782851362C2F356700578498 /* LottieTableViewCell.swift */ = {isa = PBXFileReference; lastKnownFileType = sourcecode.swift; path = LottieTableViewCell.swift; sourceTree = "<group>"; };
		782851372C2F356700578498 /* LottieTableViewCell.xib */ = {isa = PBXFileReference; lastKnownFileType = file.xib; path = LottieTableViewCell.xib; sourceTree = "<group>"; };
		7828513A2C2F358D00578498 /* QuickLogTableViewCell.swift */ = {isa = PBXFileReference; lastKnownFileType = sourcecode.swift; path = QuickLogTableViewCell.swift; sourceTree = "<group>"; };
		7828513B2C2F358D00578498 /* QuickLogTableViewCell.xib */ = {isa = PBXFileReference; lastKnownFileType = file.xib; path = QuickLogTableViewCell.xib; sourceTree = "<group>"; };
		782851402C2F37BC00578498 /* CellConstants.swift */ = {isa = PBXFileReference; lastKnownFileType = sourcecode.swift; path = CellConstants.swift; sourceTree = "<group>"; };
		782851422C2F3E0C00578498 /* StringConstants.swift */ = {isa = PBXFileReference; lastKnownFileType = sourcecode.swift; path = StringConstants.swift; sourceTree = "<group>"; };
		782851472C2F441900578498 /* ImageConstants.swift */ = {isa = PBXFileReference; lastKnownFileType = sourcecode.swift; path = ImageConstants.swift; sourceTree = "<group>"; };
		786017172C2FE69D0036875D /* ViewConstants.swift */ = {isa = PBXFileReference; lastKnownFileType = sourcecode.swift; path = ViewConstants.swift; sourceTree = "<group>"; };
/* End PBXFileReference section */

/* Begin PBXFrameworksBuildPhase section */
		782851032C2F168300578498 /* Frameworks */ = {
			isa = PBXFrameworksBuildPhase;
			buildActionMask = 2147483647;
			files = (
			);
			runOnlyForDeploymentPostprocessing = 0;
		};
/* End PBXFrameworksBuildPhase section */

/* Begin PBXGroup section */
		782850FD2C2F168300578498 = {
			isa = PBXGroup;
			children = (
				782851082C2F168300578498 /* HydrationTracking_GOQii_AdityaGhadge */,
				782851072C2F168300578498 /* Products */,
			);
			sourceTree = "<group>";
		};
		782851072C2F168300578498 /* Products */ = {
			isa = PBXGroup;
			children = (
				782851062C2F168300578498 /* HydrationTracking_GOQii_AdityaGhadge.app */,
			);
			name = Products;
			sourceTree = "<group>";
		};
		782851082C2F168300578498 /* HydrationTracking_GOQii_AdityaGhadge */ = {
			isa = PBXGroup;
			children = (
				782851202C2F174900578498 /* Application */,
				782851232C2F182E00578498 /* Database */,
				782851212C2F177600578498 /* Modules */,
				782851222C2F180800578498 /* Utility */,
				7828511A2C2F168400578498 /* Info.plist */,
			);
			path = HydrationTracking_GOQii_AdityaGhadge;
			sourceTree = "<group>";
		};
		782851202C2F174900578498 /* Application */ = {
			isa = PBXGroup;
			children = (
				782851172C2F168400578498 /* LaunchScreen.storyboard */,
				7828510B2C2F168300578498 /* SceneDelegate.swift */,
				782851092C2F168300578498 /* AppDelegate.swift */,
			);
			path = Application;
			sourceTree = "<group>";
		};
		782851212C2F177600578498 /* Modules */ = {
			isa = PBXGroup;
			children = (
				782851262C2F18E500578498 /* Home */,
			);
			path = Modules;
			sourceTree = "<group>";
		};
		782851222C2F180800578498 /* Utility */ = {
			isa = PBXGroup;
			children = (
				7828513F2C2F37A800578498 /* Constants */,
				7828513E2C2F379100578498 /* Resources */,
			);
			path = Utility;
			sourceTree = "<group>";
		};
		782851232C2F182E00578498 /* Database */ = {
			isa = PBXGroup;
			children = (
				782851122C2F168300578498 /* HydrationTracking.xcdatamodeld */,
				782851242C2F185B00578498 /* DatabaseManager.swift */,
			);
			path = Database;
			sourceTree = "<group>";
		};
		782851262C2F18E500578498 /* Home */ = {
			isa = PBXGroup;
			children = (
				782851282C2F18F900578498 /* View */,
				782851272C2F18EE00578498 /* ViewModel */,
			);
			path = Home;
			sourceTree = "<group>";
		};
		782851272C2F18EE00578498 /* ViewModel */ = {
			isa = PBXGroup;
			children = (
			);
			path = ViewModel;
			sourceTree = "<group>";
		};
		782851282C2F18F900578498 /* View */ = {
			isa = PBXGroup;
			children = (
				7828512D2C2F20F500578498 /* HomeViewController.swift */,
				7828512E2C2F20F500578498 /* HomeViewController.xib */,
				782851312C2F34FA00578498 /* Cells */,
			);
			path = View;
			sourceTree = "<group>";
		};
		782851312C2F34FA00578498 /* Cells */ = {
			isa = PBXGroup;
			children = (
				782851322C2F354600578498 /* SetProgressTableViewCell.swift */,
				782851332C2F354600578498 /* SetProgressTableViewCell.xib */,
				782851362C2F356700578498 /* LottieTableViewCell.swift */,
				782851372C2F356700578498 /* LottieTableViewCell.xib */,
				7828513A2C2F358D00578498 /* QuickLogTableViewCell.swift */,
				7828513B2C2F358D00578498 /* QuickLogTableViewCell.xib */,
			);
			path = Cells;
			sourceTree = "<group>";
		};
		7828513E2C2F379100578498 /* Resources */ = {
			isa = PBXGroup;
			children = (
				782851152C2F168400578498 /* Assets.xcassets */,
			);
			path = Resources;
			sourceTree = "<group>";
		};
		7828513F2C2F37A800578498 /* Constants */ = {
			isa = PBXGroup;
			children = (
				782851402C2F37BC00578498 /* CellConstants.swift */,
				782851422C2F3E0C00578498 /* StringConstants.swift */,
				782851472C2F441900578498 /* ImageConstants.swift */,
				786017172C2FE69D0036875D /* ViewConstants.swift */,
			);
			path = Constants;
			sourceTree = "<group>";
		};
/* End PBXGroup section */

/* Begin PBXNativeTarget section */
		782851052C2F168300578498 /* HydrationTracking_GOQii_AdityaGhadge */ = {
			isa = PBXNativeTarget;
			buildConfigurationList = 7828511D2C2F168400578498 /* Build configuration list for PBXNativeTarget "HydrationTracking_GOQii_AdityaGhadge" */;
			buildPhases = (
				782851022C2F168300578498 /* Sources */,
				782851032C2F168300578498 /* Frameworks */,
				782851042C2F168300578498 /* Resources */,
			);
			buildRules = (
			);
			dependencies = (
			);
			name = HydrationTracking_GOQii_AdityaGhadge;
			productName = HydrationTracking_GOQii_AdityaGhadge;
			productReference = 782851062C2F168300578498 /* HydrationTracking_GOQii_AdityaGhadge.app */;
			productType = "com.apple.product-type.application";
		};
/* End PBXNativeTarget section */

/* Begin PBXProject section */
		782850FE2C2F168300578498 /* Project object */ = {
			isa = PBXProject;
			attributes = {
				BuildIndependentTargetsInParallel = 1;
				LastSwiftUpdateCheck = 1500;
				LastUpgradeCheck = 1500;
				TargetAttributes = {
					782851052C2F168300578498 = {
						CreatedOnToolsVersion = 15.0.1;
					};
				};
			};
			buildConfigurationList = 782851012C2F168300578498 /* Build configuration list for PBXProject "HydrationTracking_GOQii_AdityaGhadge" */;
			compatibilityVersion = "Xcode 14.0";
			developmentRegion = en;
			hasScannedForEncodings = 0;
			knownRegions = (
				en,
				Base,
			);
			mainGroup = 782850FD2C2F168300578498;
			productRefGroup = 782851072C2F168300578498 /* Products */;
			projectDirPath = "";
			projectRoot = "";
			targets = (
				782851052C2F168300578498 /* HydrationTracking_GOQii_AdityaGhadge */,
			);
		};
/* End PBXProject section */

/* Begin PBXResourcesBuildPhase section */
		782851042C2F168300578498 /* Resources */ = {
			isa = PBXResourcesBuildPhase;
			buildActionMask = 2147483647;
			files = (
				7828513D2C2F358D00578498 /* QuickLogTableViewCell.xib in Resources */,
				782851192C2F168400578498 /* LaunchScreen.storyboard in Resources */,
				782851392C2F356700578498 /* LottieTableViewCell.xib in Resources */,
				782851352C2F354600578498 /* SetProgressTableViewCell.xib in Resources */,
				782851162C2F168400578498 /* Assets.xcassets in Resources */,
				782851302C2F20F500578498 /* HomeViewController.xib in Resources */,
			);
			runOnlyForDeploymentPostprocessing = 0;
		};
/* End PBXResourcesBuildPhase section */

/* Begin PBXSourcesBuildPhase section */
		782851022C2F168300578498 /* Sources */ = {
			isa = PBXSourcesBuildPhase;
			buildActionMask = 2147483647;
			files = (
				7828513C2C2F358D00578498 /* QuickLogTableViewCell.swift in Sources */,
				7828512F2C2F20F500578498 /* HomeViewController.swift in Sources */,
				782851342C2F354600578498 /* SetProgressTableViewCell.swift in Sources */,
				782851252C2F185B00578498 /* DatabaseManager.swift in Sources */,
				782851142C2F168300578498 /* HydrationTracking.xcdatamodeld in Sources */,
				786017182C2FE69D0036875D /* ViewConstants.swift in Sources */,
				782851412C2F37BC00578498 /* CellConstants.swift in Sources */,
				782851482C2F441900578498 /* ImageConstants.swift in Sources */,
				7828510A2C2F168300578498 /* AppDelegate.swift in Sources */,
				7828510C2C2F168300578498 /* SceneDelegate.swift in Sources */,
				782851432C2F3E0C00578498 /* StringConstants.swift in Sources */,
				782851382C2F356700578498 /* LottieTableViewCell.swift in Sources */,
			);
			runOnlyForDeploymentPostprocessing = 0;
		};
/* End PBXSourcesBuildPhase section */

/* Begin PBXVariantGroup section */
		782851172C2F168400578498 /* LaunchScreen.storyboard */ = {
			isa = PBXVariantGroup;
			children = (
				782851182C2F168400578498 /* Base */,
			);
			name = LaunchScreen.storyboard;
			sourceTree = "<group>";
		};
/* End PBXVariantGroup section */

/* Begin XCBuildConfiguration section */
		7828511B2C2F168400578498 /* Debug */ = {
			isa = XCBuildConfiguration;
			buildSettings = {
				ALWAYS_SEARCH_USER_PATHS = NO;
				ASSETCATALOG_COMPILER_GENERATE_SWIFT_ASSET_SYMBOL_EXTENSIONS = YES;
				CLANG_ANALYZER_NONNULL = YES;
				CLANG_ANALYZER_NUMBER_OBJECT_CONVERSION = YES_AGGRESSIVE;
				CLANG_CXX_LANGUAGE_STANDARD = "gnu++20";
				CLANG_ENABLE_MODULES = YES;
				CLANG_ENABLE_OBJC_ARC = YES;
				CLANG_ENABLE_OBJC_WEAK = YES;
				CLANG_WARN_BLOCK_CAPTURE_AUTORELEASING = YES;
				CLANG_WARN_BOOL_CONVERSION = YES;
				CLANG_WARN_COMMA = YES;
				CLANG_WARN_CONSTANT_CONVERSION = YES;
				CLANG_WARN_DEPRECATED_OBJC_IMPLEMENTATIONS = YES;
				CLANG_WARN_DIRECT_OBJC_ISA_USAGE = YES_ERROR;
				CLANG_WARN_DOCUMENTATION_COMMENTS = YES;
				CLANG_WARN_EMPTY_BODY = YES;
				CLANG_WARN_ENUM_CONVERSION = YES;
				CLANG_WARN_INFINITE_RECURSION = YES;
				CLANG_WARN_INT_CONVERSION = YES;
				CLANG_WARN_NON_LITERAL_NULL_CONVERSION = YES;
				CLANG_WARN_OBJC_IMPLICIT_RETAIN_SELF = YES;
				CLANG_WARN_OBJC_LITERAL_CONVERSION = YES;
				CLANG_WARN_OBJC_ROOT_CLASS = YES_ERROR;
				CLANG_WARN_QUOTED_INCLUDE_IN_FRAMEWORK_HEADER = YES;
				CLANG_WARN_RANGE_LOOP_ANALYSIS = YES;
				CLANG_WARN_STRICT_PROTOTYPES = YES;
				CLANG_WARN_SUSPICIOUS_MOVE = YES;
				CLANG_WARN_UNGUARDED_AVAILABILITY = YES_AGGRESSIVE;
				CLANG_WARN_UNREACHABLE_CODE = YES;
				CLANG_WARN__DUPLICATE_METHOD_MATCH = YES;
				COPY_PHASE_STRIP = NO;
				DEBUG_INFORMATION_FORMAT = dwarf;
				ENABLE_STRICT_OBJC_MSGSEND = YES;
				ENABLE_TESTABILITY = YES;
				ENABLE_USER_SCRIPT_SANDBOXING = NO;
				GCC_C_LANGUAGE_STANDARD = gnu17;
				GCC_DYNAMIC_NO_PIC = NO;
				GCC_NO_COMMON_BLOCKS = YES;
				GCC_OPTIMIZATION_LEVEL = 0;
				GCC_PREPROCESSOR_DEFINITIONS = (
					"DEBUG=1",
					"$(inherited)",
				);
				GCC_WARN_64_TO_32_BIT_CONVERSION = YES;
				GCC_WARN_ABOUT_RETURN_TYPE = YES_ERROR;
				GCC_WARN_UNDECLARED_SELECTOR = YES;
				GCC_WARN_UNINITIALIZED_AUTOS = YES_AGGRESSIVE;
				GCC_WARN_UNUSED_FUNCTION = YES;
				GCC_WARN_UNUSED_VARIABLE = YES;
				IPHONEOS_DEPLOYMENT_TARGET = 17.0;
				LOCALIZATION_PREFERS_STRING_CATALOGS = YES;
				MTL_ENABLE_DEBUG_INFO = INCLUDE_SOURCE;
				MTL_FAST_MATH = YES;
				ONLY_ACTIVE_ARCH = YES;
				SDKROOT = iphoneos;
				SWIFT_ACTIVE_COMPILATION_CONDITIONS = "DEBUG $(inherited)";
				SWIFT_OPTIMIZATION_LEVEL = "-Onone";
			};
			name = Debug;
		};
		7828511C2C2F168400578498 /* Release */ = {
			isa = XCBuildConfiguration;
			buildSettings = {
				ALWAYS_SEARCH_USER_PATHS = NO;
				ASSETCATALOG_COMPILER_GENERATE_SWIFT_ASSET_SYMBOL_EXTENSIONS = YES;
				CLANG_ANALYZER_NONNULL = YES;
				CLANG_ANALYZER_NUMBER_OBJECT_CONVERSION = YES_AGGRESSIVE;
				CLANG_CXX_LANGUAGE_STANDARD = "gnu++20";
				CLANG_ENABLE_MODULES = YES;
				CLANG_ENABLE_OBJC_ARC = YES;
				CLANG_ENABLE_OBJC_WEAK = YES;
				CLANG_WARN_BLOCK_CAPTURE_AUTORELEASING = YES;
				CLANG_WARN_BOOL_CONVERSION = YES;
				CLANG_WARN_COMMA = YES;
				CLANG_WARN_CONSTANT_CONVERSION = YES;
				CLANG_WARN_DEPRECATED_OBJC_IMPLEMENTATIONS = YES;
				CLANG_WARN_DIRECT_OBJC_ISA_USAGE = YES_ERROR;
				CLANG_WARN_DOCUMENTATION_COMMENTS = YES;
				CLANG_WARN_EMPTY_BODY = YES;
				CLANG_WARN_ENUM_CONVERSION = YES;
				CLANG_WARN_INFINITE_RECURSION = YES;
				CLANG_WARN_INT_CONVERSION = YES;
				CLANG_WARN_NON_LITERAL_NULL_CONVERSION = YES;
				CLANG_WARN_OBJC_IMPLICIT_RETAIN_SELF = YES;
				CLANG_WARN_OBJC_LITERAL_CONVERSION = YES;
				CLANG_WARN_OBJC_ROOT_CLASS = YES_ERROR;
				CLANG_WARN_QUOTED_INCLUDE_IN_FRAMEWORK_HEADER = YES;
				CLANG_WARN_RANGE_LOOP_ANALYSIS = YES;
				CLANG_WARN_STRICT_PROTOTYPES = YES;
				CLANG_WARN_SUSPICIOUS_MOVE = YES;
				CLANG_WARN_UNGUARDED_AVAILABILITY = YES_AGGRESSIVE;
				CLANG_WARN_UNREACHABLE_CODE = YES;
				CLANG_WARN__DUPLICATE_METHOD_MATCH = YES;
				COPY_PHASE_STRIP = NO;
				DEBUG_INFORMATION_FORMAT = "dwarf-with-dsym";
				ENABLE_NS_ASSERTIONS = NO;
				ENABLE_STRICT_OBJC_MSGSEND = YES;
				ENABLE_USER_SCRIPT_SANDBOXING = NO;
				GCC_C_LANGUAGE_STANDARD = gnu17;
				GCC_NO_COMMON_BLOCKS = YES;
				GCC_WARN_64_TO_32_BIT_CONVERSION = YES;
				GCC_WARN_ABOUT_RETURN_TYPE = YES_ERROR;
				GCC_WARN_UNDECLARED_SELECTOR = YES;
				GCC_WARN_UNINITIALIZED_AUTOS = YES_AGGRESSIVE;
				GCC_WARN_UNUSED_FUNCTION = YES;
				GCC_WARN_UNUSED_VARIABLE = YES;
				IPHONEOS_DEPLOYMENT_TARGET = 17.0;
				LOCALIZATION_PREFERS_STRING_CATALOGS = YES;
				MTL_ENABLE_DEBUG_INFO = NO;
				MTL_FAST_MATH = YES;
				SDKROOT = iphoneos;
				SWIFT_COMPILATION_MODE = wholemodule;
				VALIDATE_PRODUCT = YES;
			};
			name = Release;
		};
		7828511E2C2F168400578498 /* Debug */ = {
			isa = XCBuildConfiguration;
			buildSettings = {
				ASSETCATALOG_COMPILER_APPICON_NAME = AppIcon;
				ASSETCATALOG_COMPILER_GLOBAL_ACCENT_COLOR_NAME = AccentColor;
				CODE_SIGN_STYLE = Automatic;
				CURRENT_PROJECT_VERSION = 1;
				DEVELOPMENT_TEAM = Z37X84PRTQ;
				GENERATE_INFOPLIST_FILE = YES;
				INFOPLIST_FILE = HydrationTracking_GOQii_AdityaGhadge/Info.plist;
				INFOPLIST_KEY_UIApplicationSupportsIndirectInputEvents = YES;
				INFOPLIST_KEY_UILaunchStoryboardName = LaunchScreen;
				INFOPLIST_KEY_UIMainStoryboardFile = "";
				INFOPLIST_KEY_UISupportedInterfaceOrientations_iPad = "UIInterfaceOrientationPortrait UIInterfaceOrientationPortraitUpsideDown UIInterfaceOrientationLandscapeLeft UIInterfaceOrientationLandscapeRight";
				INFOPLIST_KEY_UISupportedInterfaceOrientations_iPhone = "UIInterfaceOrientationPortrait UIInterfaceOrientationLandscapeLeft UIInterfaceOrientationLandscapeRight";
				LD_RUNPATH_SEARCH_PATHS = (
					"$(inherited)",
					"@executable_path/Frameworks",
				);
				MARKETING_VERSION = 1.0;
				PRODUCT_BUNDLE_IDENTIFIER = "NeoSOFT.HydrationTracking-GOQii-AdityaGhadge";
				PRODUCT_NAME = "$(TARGET_NAME)";
				SWIFT_EMIT_LOC_STRINGS = YES;
				SWIFT_VERSION = 5.0;
				TARGETED_DEVICE_FAMILY = "1,2";
			};
			name = Debug;
		};
		7828511F2C2F168400578498 /* Release */ = {
			isa = XCBuildConfiguration;
			buildSettings = {
				ASSETCATALOG_COMPILER_APPICON_NAME = AppIcon;
				ASSETCATALOG_COMPILER_GLOBAL_ACCENT_COLOR_NAME = AccentColor;
				CODE_SIGN_STYLE = Automatic;
				CURRENT_PROJECT_VERSION = 1;
				DEVELOPMENT_TEAM = Z37X84PRTQ;
				GENERATE_INFOPLIST_FILE = YES;
				INFOPLIST_FILE = HydrationTracking_GOQii_AdityaGhadge/Info.plist;
				INFOPLIST_KEY_UIApplicationSupportsIndirectInputEvents = YES;
				INFOPLIST_KEY_UILaunchStoryboardName = LaunchScreen;
				INFOPLIST_KEY_UIMainStoryboardFile = "";
				INFOPLIST_KEY_UISupportedInterfaceOrientations_iPad = "UIInterfaceOrientationPortrait UIInterfaceOrientationPortraitUpsideDown UIInterfaceOrientationLandscapeLeft UIInterfaceOrientationLandscapeRight";
				INFOPLIST_KEY_UISupportedInterfaceOrientations_iPhone = "UIInterfaceOrientationPortrait UIInterfaceOrientationLandscapeLeft UIInterfaceOrientationLandscapeRight";
				LD_RUNPATH_SEARCH_PATHS = (
					"$(inherited)",
					"@executable_path/Frameworks",
				);
				MARKETING_VERSION = 1.0;
				PRODUCT_BUNDLE_IDENTIFIER = "NeoSOFT.HydrationTracking-GOQii-AdityaGhadge";
				PRODUCT_NAME = "$(TARGET_NAME)";
				SWIFT_EMIT_LOC_STRINGS = YES;
				SWIFT_VERSION = 5.0;
				TARGETED_DEVICE_FAMILY = "1,2";
			};
			name = Release;
		};
/* End XCBuildConfiguration section */

/* Begin XCConfigurationList section */
		782851012C2F168300578498 /* Build configuration list for PBXProject "HydrationTracking_GOQii_AdityaGhadge" */ = {
			isa = XCConfigurationList;
			buildConfigurations = (
				7828511B2C2F168400578498 /* Debug */,
				7828511C2C2F168400578498 /* Release */,
			);
			defaultConfigurationIsVisible = 0;
			defaultConfigurationName = Release;
		};
		7828511D2C2F168400578498 /* Build configuration list for PBXNativeTarget "HydrationTracking_GOQii_AdityaGhadge" */ = {
			isa = XCConfigurationList;
			buildConfigurations = (
				7828511E2C2F168400578498 /* Debug */,
				7828511F2C2F168400578498 /* Release */,
			);
			defaultConfigurationIsVisible = 0;
			defaultConfigurationName = Release;
		};
/* End XCConfigurationList section */

/* Begin XCVersionGroup section */
		782851122C2F168300578498 /* HydrationTracking.xcdatamodeld */ = {
			isa = XCVersionGroup;
			children = (
				782851132C2F168300578498 /* HydrationTracking_GOQii_AdityaGhadge.xcdatamodel */,
			);
			currentVersion = 782851132C2F168300578498 /* HydrationTracking_GOQii_AdityaGhadge.xcdatamodel */;
			path = HydrationTracking.xcdatamodeld;
			sourceTree = "<group>";
			versionGroupType = wrapper.xcdatamodel;
		};
/* End XCVersionGroup section */
	};
	rootObject = 782850FE2C2F168300578498 /* Project object */;
}
